
Microsoft Visual Studio Solution File, Format Version 12.00
# Visual Studio Version 17
VisualStudioVersion = 17.9.34622.214
MinimumVisualStudioVersion = 10.0.40219.1
Project("{9A19103F-16F7-4668-BE54-9A1E7A4F7556}") = "TBCTest", "TBCTest\TBCTest.csproj", "{A1ED0875-11CC-4470-97E2-2AC929C44EDC}"
EndProject
Project("{9A19103F-16F7-4668-BE54-9A1E7A4F7556}") = "TBCTest.Tests", "TBCTest.Tests\TBCTest.Tests.csproj", "{A83A2B6A-93BD-481F-A031-9CEEEFB76C9A}"
EndProject
Global
	GlobalSection(SolutionConfigurationPlatforms) = preSolution
		Debug|Any CPU = Debug|Any CPU
		Release|Any CPU = Release|Any CPU
	EndGlobalSection
	GlobalSection(ProjectConfigurationPlatforms) = postSolution
		{A1ED0875-11CC-4470-97E2-2AC929C44EDC}.Debug|Any CPU.ActiveCfg = Debug|Any CPU
		{A1ED0875-11CC-4470-97E2-2AC929C44EDC}.Debug|Any CPU.Build.0 = Debug|Any CPU
		{A1ED0875-11CC-4470-97E2-2AC929C44EDC}.Release|Any CPU.ActiveCfg = Release|Any CPU
		{A1ED0875-11CC-4470-97E2-2AC929C44EDC}.Release|Any CPU.Build.0 = Release|Any CPU
		{A83A2B6A-93BD-481F-A031-9CEEEFB76C9A}.Debug|Any CPU.ActiveCfg = Debug|Any CPU
		{A83A2B6A-93BD-481F-A031-9CEEEFB76C9A}.Debug|Any CPU.Build.0 = Debug|Any CPU
		{A83A2B6A-93BD-481F-A031-9CEEEFB76C9A}.Release|Any CPU.ActiveCfg = Release|Any CPU
		{A83A2B6A-93BD-481F-A031-9CEEEFB76C9A}.Release|Any CPU.Build.0 = Release|Any CPU
	EndGlobalSection
	GlobalSection(SolutionProperties) = preSolution
		HideSolutionNode = FALSE
	EndGlobalSection
	GlobalSection(ExtensibilityGlobals) = postSolution
		SolutionGuid = {C8C51BCA-674B-4309-8D6C-7B011E438DAD}
	EndGlobalSection
EndGlobal
